
Microsoft Visual Studio Solution File, Format Version 12.00
# Visual Studio Version 16
VisualStudioVersion = 16.0.29326.143
MinimumVisualStudioVersion = 10.0.40219.1
Project("{FAE04EC0-301F-11D3-BF4B-00C04F79EFBC}") = "OnlineStoreWPF", "OnlineStoreWPF\OnlineStoreWPF.csproj", "{967DC800-258E-43C2-9F72-84C13958B253}"
EndProject
Global
	GlobalSection(SolutionConfigurationPlatforms) = preSolution
		Debug|Any CPU = Debug|Any CPU
		Release|Any CPU = Release|Any CPU
	EndGlobalSection
	GlobalSection(ProjectConfigurationPlatforms) = postSolution
		{967DC800-258E-43C2-9F72-84C13958B253}.Debug|Any CPU.ActiveCfg = Debug|Any CPU
		{967DC800-258E-43C2-9F72-84C13958B253}.Debug|Any CPU.Build.0 = Debug|Any CPU
		{967DC800-258E-43C2-9F72-84C13958B253}.Release|Any CPU.ActiveCfg = Release|Any CPU
		{967DC800-258E-43C2-9F72-84C13958B253}.Release|Any CPU.Build.0 = Release|Any CPU
	EndGlobalSection
	GlobalSection(SolutionProperties) = preSolution
		HideSolutionNode = FALSE
	EndGlobalSection
	GlobalSection(ExtensibilityGlobals) = postSolution
		SolutionGuid = {AF7E5E90-4863-4BFD-AA26-39AEE3A4EA69}
	EndGlobalSection
EndGlobal
